
Microsoft Visual Studio Solution File, Format Version 12.00
# Visual Studio 15
VisualStudioVersion = 15.0.27130.2010
MinimumVisualStudioVersion = 10.0.40219.1
Project("{FAE04EC0-301F-11D3-BF4B-00C04F79EFBC}") = "MinApp", "MinApp\MinApp.csproj", "{C1ADDD3F-1E08-4B71-A7FA-7D9D2E9919F6}"
EndProject
Global
	GlobalSection(SolutionConfigurationPlatforms) = preSolution
		Debug|Any CPU = Debug|Any CPU
		Release|Any CPU = Release|Any CPU
	EndGlobalSection
	GlobalSection(ProjectConfigurationPlatforms) = postSolution
		{C1ADDD3F-1E08-4B71-A7FA-7D9D2E9919F6}.Debug|Any CPU.ActiveCfg = Debug|Any CPU
		{C1ADDD3F-1E08-4B71-A7FA-7D9D2E9919F6}.Debug|Any CPU.Build.0 = Debug|Any CPU
		{C1ADDD3F-1E08-4B71-A7FA-7D9D2E9919F6}.Debug|Any CPU.Deploy.0 = Debug|Any CPU
		{C1ADDD3F-1E08-4B71-A7FA-7D9D2E9919F6}.Release|Any CPU.ActiveCfg = Release|Any CPU
		{C1ADDD3F-1E08-4B71-A7FA-7D9D2E9919F6}.Release|Any CPU.Build.0 = Release|Any CPU
		{C1ADDD3F-1E08-4B71-A7FA-7D9D2E9919F6}.Release|Any CPU.Deploy.0 = Release|Any CPU
	EndGlobalSection
	GlobalSection(SolutionProperties) = preSolution
		HideSolutionNode = FALSE
	EndGlobalSection
	GlobalSection(ExtensibilityGlobals) = postSolution
		SolutionGuid = {A422CDE7-77A7-4AB6-8E21-D799FA7B3A53}
	EndGlobalSection
EndGlobal
